// !$*UTF8*$!
{
	archiveVersion = 1;
	classes = {
	};
	objectVersion = 46;
	objects = {

/* Begin PBXBuildFile section */
		4125DB621562892A0036C99A /* main.cpp in Sources */ = {isa = PBXBuildFile; fileRef = 4125DB611562892A0036C99A /* main.cpp */; };
		4125DB641562892A0036C99A /* doublebuffer.1 in CopyFiles */ = {isa = PBXBuildFile; fileRef = 4125DB631562892A0036C99A /* doublebuffer.1 */; };
		4125DB6D1562895D0036C99A /* GDAL.framework in Frameworks */ = {isa = PBXBuildFile; fileRef = 4125DB6C1562895D0036C99A /* GDAL.framework */; };
		4125DB6F156289900036C99A /* DoubleBuffer.cpp in Sources */ = {isa = PBXBuildFile; fileRef = 4125DB6E156289900036C99A /* DoubleBuffer.cpp */; };
		4199CFE91567CC640008C906 /* doublebuffer in CopyFiles */ = {isa = PBXBuildFile; fileRef = 4125DB5D1562892A0036C99A /* doublebuffer */; };
		4199CFF11567F4BF0008C906 /* GEOS.framework in Frameworks */ = {isa = PBXBuildFile; fileRef = 4199CFF01567F4BF0008C906 /* GEOS.framework */; };
/* End PBXBuildFile section */

/* Begin PBXCopyFilesBuildPhase section */
		4125DB5B1562892A0036C99A /* CopyFiles */ = {
			isa = PBXCopyFilesBuildPhase;
			buildActionMask = 2147483647;
			dstPath = /usr/share/man/man1/;
			dstSubfolderSpec = 0;
			files = (
				4125DB641562892A0036C99A /* doublebuffer.1 in CopyFiles */,
			);
			runOnlyForDeploymentPostprocessing = 1;
		};
		4199CFE81567CC4A0008C906 /* CopyFiles */ = {
			isa = PBXCopyFilesBuildPhase;
			buildActionMask = 2147483647;
			dstPath = /usr/local/bin/;
			dstSubfolderSpec = 0;
			files = (
				4199CFE91567CC640008C906 /* doublebuffer in CopyFiles */,
			);
			runOnlyForDeploymentPostprocessing = 0;
		};
		41C735B81568F7D7001CEAE9 /* CopyFiles */ = {
			isa = PBXCopyFilesBuildPhase;
			buildActionMask = 2147483647;
			dstPath = /usr/share/man/man1/;
			dstSubfolderSpec = 0;
			files = (
			);
			runOnlyForDeploymentPostprocessing = 1;
		};
/* End PBXCopyFilesBuildPhase section */

/* Begin PBXFileReference section */
		4125DB5D1562892A0036C99A /* doublebuffer */ = {isa = PBXFileReference; explicitFileType = "compiled.mach-o.executable"; includeInIndex = 0; path = doublebuffer; sourceTree = BUILT_PRODUCTS_DIR; };
		4125DB611562892A0036C99A /* main.cpp */ = {isa = PBXFileReference; lastKnownFileType = sourcecode.cpp.cpp; path = main.cpp; sourceTree = "<group>"; };
		4125DB631562892A0036C99A /* doublebuffer.1 */ = {isa = PBXFileReference; lastKnownFileType = text.man; path = doublebuffer.1; sourceTree = "<group>"; };
		4125DB6C1562895D0036C99A /* GDAL.framework */ = {isa = PBXFileReference; lastKnownFileType = wrapper.framework; name = GDAL.framework; path = Library/Frameworks/GDAL.framework; sourceTree = SDKROOT; };
		4125DB6E156289900036C99A /* DoubleBuffer.cpp */ = {isa = PBXFileReference; fileEncoding = 4; lastKnownFileType = sourcecode.cpp.cpp; path = DoubleBuffer.cpp; sourceTree = "<group>"; };
		4125DB70156289A00036C99A /* DoubleBuffer.h */ = {isa = PBXFileReference; lastKnownFileType = sourcecode.c.h; path = DoubleBuffer.h; sourceTree = "<group>"; };
		4199CFC91567C9460008C906 /* Arg.h */ = {isa = PBXFileReference; fileEncoding = 4; lastKnownFileType = sourcecode.c.h; path = Arg.h; sourceTree = "<group>"; };
		4199CFCA1567C9460008C906 /* ArgException.h */ = {isa = PBXFileReference; fileEncoding = 4; lastKnownFileType = sourcecode.c.h; path = ArgException.h; sourceTree = "<group>"; };
		4199CFCB1567C9460008C906 /* ArgTraits.h */ = {isa = PBXFileReference; fileEncoding = 4; lastKnownFileType = sourcecode.c.h; path = ArgTraits.h; sourceTree = "<group>"; };
		4199CFCC1567C9460008C906 /* CmdLine.h */ = {isa = PBXFileReference; fileEncoding = 4; lastKnownFileType = sourcecode.c.h; path = CmdLine.h; sourceTree = "<group>"; };
		4199CFCD1567C9460008C906 /* CmdLineInterface.h */ = {isa = PBXFileReference; fileEncoding = 4; lastKnownFileType = sourcecode.c.h; path = CmdLineInterface.h; sourceTree = "<group>"; };
		4199CFCE1567C9460008C906 /* CmdLineOutput.h */ = {isa = PBXFileReference; fileEncoding = 4; lastKnownFileType = sourcecode.c.h; path = CmdLineOutput.h; sourceTree = "<group>"; };
		4199CFCF1567C9460008C906 /* Constraint.h */ = {isa = PBXFileReference; fileEncoding = 4; lastKnownFileType = sourcecode.c.h; path = Constraint.h; sourceTree = "<group>"; };
		4199CFD01567C9460008C906 /* DocBookOutput.h */ = {isa = PBXFileReference; fileEncoding = 4; lastKnownFileType = sourcecode.c.h; path = DocBookOutput.h; sourceTree = "<group>"; };
		4199CFD11567C9460008C906 /* HelpVisitor.h */ = {isa = PBXFileReference; fileEncoding = 4; lastKnownFileType = sourcecode.c.h; path = HelpVisitor.h; sourceTree = "<group>"; };
		4199CFD21567C9460008C906 /* IgnoreRestVisitor.h */ = {isa = PBXFileReference; fileEncoding = 4; lastKnownFileType = sourcecode.c.h; path = IgnoreRestVisitor.h; sourceTree = "<group>"; };
		4199CFD31567C9460008C906 /* Makefile.am */ = {isa = PBXFileReference; fileEncoding = 4; lastKnownFileType = text; path = Makefile.am; sourceTree = "<group>"; };
		4199CFD41567C9460008C906 /* Makefile.in */ = {isa = PBXFileReference; fileEncoding = 4; lastKnownFileType = text; path = Makefile.in; sourceTree = "<group>"; };
		4199CFD51567C9460008C906 /* MultiArg.h */ = {isa = PBXFileReference; fileEncoding = 4; lastKnownFileType = sourcecode.c.h; path = MultiArg.h; sourceTree = "<group>"; };
		4199CFD61567C9460008C906 /* MultiSwitchArg.h */ = {isa = PBXFileReference; fileEncoding = 4; lastKnownFileType = sourcecode.c.h; path = MultiSwitchArg.h; sourceTree = "<group>"; };
		4199CFD71567C9460008C906 /* OptionalUnlabeledTracker.h */ = {isa = PBXFileReference; fileEncoding = 4; lastKnownFileType = sourcecode.c.h; path = OptionalUnlabeledTracker.h; sourceTree = "<group>"; };
		4199CFD81567C9460008C906 /* StandardTraits.h */ = {isa = PBXFileReference; fileEncoding = 4; lastKnownFileType = sourcecode.c.h; path = StandardTraits.h; sourceTree = "<group>"; };
		4199CFD91567C9460008C906 /* StdOutput.h */ = {isa = PBXFileReference; fileEncoding = 4; lastKnownFileType = sourcecode.c.h; path = StdOutput.h; sourceTree = "<group>"; };
		4199CFDA1567C9460008C906 /* SwitchArg.h */ = {isa = PBXFileReference; fileEncoding = 4; lastKnownFileType = sourcecode.c.h; path = SwitchArg.h; sourceTree = "<group>"; };
		4199CFDB1567C9460008C906 /* UnlabeledMultiArg.h */ = {isa = PBXFileReference; fileEncoding = 4; lastKnownFileType = sourcecode.c.h; path = UnlabeledMultiArg.h; sourceTree = "<group>"; };
		4199CFDC1567C9460008C906 /* UnlabeledValueArg.h */ = {isa = PBXFileReference; fileEncoding = 4; lastKnownFileType = sourcecode.c.h; path = UnlabeledValueArg.h; sourceTree = "<group>"; };
		4199CFDD1567C9460008C906 /* ValueArg.h */ = {isa = PBXFileReference; fileEncoding = 4; lastKnownFileType = sourcecode.c.h; path = ValueArg.h; sourceTree = "<group>"; };
		4199CFDE1567C9460008C906 /* ValuesConstraint.h */ = {isa = PBXFileReference; fileEncoding = 4; lastKnownFileType = sourcecode.c.h; path = ValuesConstraint.h; sourceTree = "<group>"; };
		4199CFDF1567C9460008C906 /* VersionVisitor.h */ = {isa = PBXFileReference; fileEncoding = 4; lastKnownFileType = sourcecode.c.h; path = VersionVisitor.h; sourceTree = "<group>"; };
		4199CFE01567C9460008C906 /* Visitor.h */ = {isa = PBXFileReference; fileEncoding = 4; lastKnownFileType = sourcecode.c.h; path = Visitor.h; sourceTree = "<group>"; };
		4199CFE11567C9460008C906 /* XorHandler.h */ = {isa = PBXFileReference; fileEncoding = 4; lastKnownFileType = sourcecode.c.h; path = XorHandler.h; sourceTree = "<group>"; };
		4199CFE21567C9460008C906 /* ZshCompletionOutput.h */ = {isa = PBXFileReference; fileEncoding = 4; lastKnownFileType = sourcecode.c.h; path = ZshCompletionOutput.h; sourceTree = "<group>"; };
		4199CFF01567F4BF0008C906 /* GEOS.framework */ = {isa = PBXFileReference; lastKnownFileType = wrapper.framework; name = GEOS.framework; path = "../../build/geos-3.3.3/build/usr/local/GEOS.framework"; sourceTree = "<group>"; };
		41C735BA1568F7D7001CEAE9 /* linecleaner */ = {isa = PBXFileReference; explicitFileType = "compiled.mach-o.executable"; includeInIndex = 0; path = linecleaner; sourceTree = BUILT_PRODUCTS_DIR; };
/* End PBXFileReference section */

/* Begin PBXFrameworksBuildPhase section */
		4125DB5A1562892A0036C99A /* Frameworks */ = {
			isa = PBXFrameworksBuildPhase;
			buildActionMask = 2147483647;
			files = (
				4199CFF11567F4BF0008C906 /* GEOS.framework in Frameworks */,
				4125DB6D1562895D0036C99A /* GDAL.framework in Frameworks */,
			);
			runOnlyForDeploymentPostprocessing = 0;
		};
		41C735B71568F7D7001CEAE9 /* Frameworks */ = {
			isa = PBXFrameworksBuildPhase;
			buildActionMask = 2147483647;
			files = (
			);
			runOnlyForDeploymentPostprocessing = 0;
		};
/* End PBXFrameworksBuildPhase section */

/* Begin PBXGroup section */
		4125DB521562892A0036C99A = {
			isa = PBXGroup;
			children = (
				4199CFF01567F4BF0008C906 /* GEOS.framework */,
				4125DB6C1562895D0036C99A /* GDAL.framework */,
				4199CFC81567C9460008C906 /* tclap */,
				4125DB601562892A0036C99A /* doublebuffer */,
				4125DB5E1562892A0036C99A /* Products */,
			);
			sourceTree = "<group>";
		};
		4125DB5E1562892A0036C99A /* Products */ = {
			isa = PBXGroup;
			children = (
				4125DB5D1562892A0036C99A /* doublebuffer */,
				41C735BA1568F7D7001CEAE9 /* linecleaner */,
			);
			name = Products;
			sourceTree = "<group>";
		};
		4125DB601562892A0036C99A /* doublebuffer */ = {
			isa = PBXGroup;
			children = (
				4125DB70156289A00036C99A /* DoubleBuffer.h */,
				4125DB6E156289900036C99A /* DoubleBuffer.cpp */,
				4125DB611562892A0036C99A /* main.cpp */,
				4125DB631562892A0036C99A /* doublebuffer.1 */,
			);
			path = doublebuffer;
			sourceTree = "<group>";
		};
		4199CFC81567C9460008C906 /* tclap */ = {
			isa = PBXGroup;
			children = (
				4199CFC91567C9460008C906 /* Arg.h */,
				4199CFCA1567C9460008C906 /* ArgException.h */,
				4199CFCB1567C9460008C906 /* ArgTraits.h */,
				4199CFCC1567C9460008C906 /* CmdLine.h */,
				4199CFCD1567C9460008C906 /* CmdLineInterface.h */,
				4199CFCE1567C9460008C906 /* CmdLineOutput.h */,
				4199CFCF1567C9460008C906 /* Constraint.h */,
				4199CFD01567C9460008C906 /* DocBookOutput.h */,
				4199CFD11567C9460008C906 /* HelpVisitor.h */,
				4199CFD21567C9460008C906 /* IgnoreRestVisitor.h */,
				4199CFD31567C9460008C906 /* Makefile.am */,
				4199CFD41567C9460008C906 /* Makefile.in */,
				4199CFD51567C9460008C906 /* MultiArg.h */,
				4199CFD61567C9460008C906 /* MultiSwitchArg.h */,
				4199CFD71567C9460008C906 /* OptionalUnlabeledTracker.h */,
				4199CFD81567C9460008C906 /* StandardTraits.h */,
				4199CFD91567C9460008C906 /* StdOutput.h */,
				4199CFDA1567C9460008C906 /* SwitchArg.h */,
				4199CFDB1567C9460008C906 /* UnlabeledMultiArg.h */,
				4199CFDC1567C9460008C906 /* UnlabeledValueArg.h */,
				4199CFDD1567C9460008C906 /* ValueArg.h */,
				4199CFDE1567C9460008C906 /* ValuesConstraint.h */,
				4199CFDF1567C9460008C906 /* VersionVisitor.h */,
				4199CFE01567C9460008C906 /* Visitor.h */,
				4199CFE11567C9460008C906 /* XorHandler.h */,
				4199CFE21567C9460008C906 /* ZshCompletionOutput.h */,
			);
			path = tclap;
			sourceTree = "<group>";
		};
/* End PBXGroup section */

/* Begin PBXNativeTarget section */
		4125DB5C1562892A0036C99A /* doublebuffer */ = {
			isa = PBXNativeTarget;
			buildConfigurationList = 4125DB671562892A0036C99A /* Build configuration list for PBXNativeTarget "doublebuffer" */;
			buildPhases = (
				4125DB591562892A0036C99A /* Sources */,
				4125DB5A1562892A0036C99A /* Frameworks */,
				4125DB5B1562892A0036C99A /* CopyFiles */,
				4199CFE81567CC4A0008C906 /* CopyFiles */,
			);
			buildRules = (
			);
			dependencies = (
			);
			name = doublebuffer;
			productName = doublebuffer;
			productReference = 4125DB5D1562892A0036C99A /* doublebuffer */;
			productType = "com.apple.product-type.tool";
		};
		41C735B91568F7D7001CEAE9 /* linecleaner */ = {
			isa = PBXNativeTarget;
			buildConfigurationList = 41C735C31568F7D7001CEAE9 /* Build configuration list for PBXNativeTarget "linecleaner" */;
			buildPhases = (
				41C735B61568F7D7001CEAE9 /* Sources */,
				41C735B71568F7D7001CEAE9 /* Frameworks */,
				41C735B81568F7D7001CEAE9 /* CopyFiles */,
			);
			buildRules = (
			);
			dependencies = (
			);
			name = linecleaner;
			productName = linecleaner;
			productReference = 41C735BA1568F7D7001CEAE9 /* linecleaner */;
			productType = "com.apple.product-type.tool";
		};
/* End PBXNativeTarget section */

/* Begin PBXProject section */
		4125DB541562892A0036C99A /* Project object */ = {
			isa = PBXProject;
			attributes = {
				LastUpgradeCheck = 0430;
			};
			buildConfigurationList = 4125DB571562892A0036C99A /* Build configuration list for PBXProject "doublebuffer" */;
			compatibilityVersion = "Xcode 3.2";
			developmentRegion = English;
			hasScannedForEncodings = 0;
			knownRegions = (
				en,
			);
			mainGroup = 4125DB521562892A0036C99A;
			productRefGroup = 4125DB5E1562892A0036C99A /* Products */;
			projectDirPath = "";
			projectRoot = "";
			targets = (
				4125DB5C1562892A0036C99A /* doublebuffer */,
				41C735B91568F7D7001CEAE9 /* linecleaner */,
			);
		};
/* End PBXProject section */

/* Begin PBXSourcesBuildPhase section */
		4125DB591562892A0036C99A /* Sources */ = {
			isa = PBXSourcesBuildPhase;
			buildActionMask = 2147483647;
			files = (
				4125DB621562892A0036C99A /* main.cpp in Sources */,
				4125DB6F156289900036C99A /* DoubleBuffer.cpp in Sources */,
			);
			runOnlyForDeploymentPostprocessing = 0;
		};
		41C735B61568F7D7001CEAE9 /* Sources */ = {
			isa = PBXSourcesBuildPhase;
			buildActionMask = 2147483647;
			files = (
			);
			runOnlyForDeploymentPostprocessing = 0;
		};
/* End PBXSourcesBuildPhase section */

/* Begin XCBuildConfiguration section */
		4125DB651562892A0036C99A /* Debug */ = {
			isa = XCBuildConfiguration;
			buildSettings = {
				ALWAYS_SEARCH_USER_PATHS = NO;
				ARCHS = "$(ARCHS_STANDARD_64_BIT)";
				CLANG_ENABLE_OBJC_ARC = YES;
				COPY_PHASE_STRIP = NO;
				GCC_C_LANGUAGE_STANDARD = gnu99;
				GCC_DYNAMIC_NO_PIC = NO;
				GCC_ENABLE_OBJC_EXCEPTIONS = YES;
				GCC_OPTIMIZATION_LEVEL = 0;
				GCC_PREPROCESSOR_DEFINITIONS = (
					"DEBUG=1",
					"$(inherited)",
				);
				GCC_SYMBOLS_PRIVATE_EXTERN = NO;
				GCC_VERSION = com.apple.compilers.llvm.clang.1_0;
				GCC_WARN_64_TO_32_BIT_CONVERSION = YES;
				GCC_WARN_ABOUT_RETURN_TYPE = YES;
				GCC_WARN_UNINITIALIZED_AUTOS = YES;
				GCC_WARN_UNUSED_VARIABLE = YES;
				MACOSX_DEPLOYMENT_TARGET = 10.7;
				ONLY_ACTIVE_ARCH = YES;
				SDKROOT = macosx;
			};
			name = Debug;
		};
		4125DB661562892A0036C99A /* Release */ = {
			isa = XCBuildConfiguration;
			buildSettings = {
				ALWAYS_SEARCH_USER_PATHS = NO;
				ARCHS = "$(ARCHS_STANDARD_64_BIT)";
				CLANG_ENABLE_OBJC_ARC = YES;
				COPY_PHASE_STRIP = YES;
				DEBUG_INFORMATION_FORMAT = "dwarf-with-dsym";
				GCC_C_LANGUAGE_STANDARD = gnu99;
				GCC_ENABLE_OBJC_EXCEPTIONS = YES;
				GCC_VERSION = com.apple.compilers.llvm.clang.1_0;
				GCC_WARN_64_TO_32_BIT_CONVERSION = YES;
				GCC_WARN_ABOUT_RETURN_TYPE = YES;
				GCC_WARN_UNINITIALIZED_AUTOS = YES;
				GCC_WARN_UNUSED_VARIABLE = YES;
				MACOSX_DEPLOYMENT_TARGET = 10.7;
				SDKROOT = macosx;
			};
			name = Release;
		};
		4125DB681562892A0036C99A /* Debug */ = {
			isa = XCBuildConfiguration;
			buildSettings = {
				FRAMEWORK_SEARCH_PATHS = "/Volumes/macData/build/geos-3.3.3/build/usr/local/";
				HEADER_SEARCH_PATHS = ./;
				PRODUCT_NAME = "$(TARGET_NAME)";
			};
			name = Debug;
		};
		4125DB691562892A0036C99A /* Release */ = {
			isa = XCBuildConfiguration;
			buildSettings = {
				FRAMEWORK_SEARCH_PATHS = "/Volumes/macData/build/geos-3.3.3/build/usr/local/";
				HEADER_SEARCH_PATHS = ./;
				PRODUCT_NAME = "$(TARGET_NAME)";
			};
			name = Release;
		};
		41C735C11568F7D7001CEAE9 /* Debug */ = {
			isa = XCBuildConfiguration;
			buildSettings = {
				PRODUCT_NAME = "$(TARGET_NAME)";
			};
			name = Debug;
		};
		41C735C21568F7D7001CEAE9 /* Release */ = {
			isa = XCBuildConfiguration;
			buildSettings = {
				PRODUCT_NAME = "$(TARGET_NAME)";
			};
			name = Release;
		};
/* End XCBuildConfiguration section */

/* Begin XCConfigurationList section */
		4125DB571562892A0036C99A /* Build configuration list for PBXProject "doublebuffer" */ = {
			isa = XCConfigurationList;
			buildConfigurations = (
				4125DB651562892A0036C99A /* Debug */,
				4125DB661562892A0036C99A /* Release */,
			);
			defaultConfigurationIsVisible = 0;
			defaultConfigurationName = Release;
		};
		4125DB671562892A0036C99A /* Build configuration list for PBXNativeTarget "doublebuffer" */ = {
			isa = XCConfigurationList;
			buildConfigurations = (
				4125DB681562892A0036C99A /* Debug */,
				4125DB691562892A0036C99A /* Release */,
			);
			defaultConfigurationIsVisible = 0;
			defaultConfigurationName = Release;
		};
		41C735C31568F7D7001CEAE9 /* Build configuration list for PBXNativeTarget "linecleaner" */ = {
			isa = XCConfigurationList;
			buildConfigurations = (
				41C735C11568F7D7001CEAE9 /* Debug */,
				41C735C21568F7D7001CEAE9 /* Release */,
			);
			defaultConfigurationIsVisible = 0;
		};
/* End XCConfigurationList section */
	};
	rootObject = 4125DB541562892A0036C99A /* Project object */;
}
