// !$*UTF8*$!
{
	archiveVersion = 1;
	classes = {
	};
	objectVersion = 46;
	objects = {

/* Begin PBXBuildFile section */
		4154DF30150559E600D5CE2D /* filter2Raster in CopyFiles */ = {isa = PBXBuildFile; fileRef = 41CF2AA314DAD2C4003F0AD8 /* filter2Raster */; };
		4161D23D1574E9D90061A7E7 /* main.cpp in Sources */ = {isa = PBXBuildFile; fileRef = 4161D23C1574E9D90061A7E7 /* main.cpp */; };
		4161D23F1574E9D90061A7E7 /* qcraster.1 in CopyFiles */ = {isa = PBXBuildFile; fileRef = 4161D23E1574E9D90061A7E7 /* qcraster.1 */; };
		41CF2AA814DAD2C4003F0AD8 /* main.cpp in Sources */ = {isa = PBXBuildFile; fileRef = 41CF2AA714DAD2C4003F0AD8 /* main.cpp */; };
		41CF2AAA14DAD2C4003F0AD8 /* filter2Raster.1 in CopyFiles */ = {isa = PBXBuildFile; fileRef = 41CF2AA914DAD2C4003F0AD8 /* filter2Raster.1 */; };
		41CF2AB914DAE91A003F0AD8 /* Raster.cpp in Sources */ = {isa = PBXBuildFile; fileRef = 41CF2AB814DAE91A003F0AD8 /* Raster.cpp */; };
/* End PBXBuildFile section */

/* Begin PBXCopyFilesBuildPhase section */
		4154DF2E150559DB00D5CE2D /* CopyFiles */ = {
			isa = PBXCopyFilesBuildPhase;
			buildActionMask = 2147483647;
			dstPath = /usr/local/bin/;
			dstSubfolderSpec = 0;
			files = (
				4154DF30150559E600D5CE2D /* filter2Raster in CopyFiles */,
			);
			runOnlyForDeploymentPostprocessing = 0;
		};
		4161D2371574E9D90061A7E7 /* CopyFiles */ = {
			isa = PBXCopyFilesBuildPhase;
			buildActionMask = 2147483647;
			dstPath = /usr/share/man/man1/;
			dstSubfolderSpec = 0;
			files = (
				4161D23F1574E9D90061A7E7 /* qcraster.1 in CopyFiles */,
			);
			runOnlyForDeploymentPostprocessing = 1;
		};
		41CF2AA114DAD2C4003F0AD8 /* CopyFiles */ = {
			isa = PBXCopyFilesBuildPhase;
			buildActionMask = 2147483647;
			dstPath = /usr/share/man/man1/;
			dstSubfolderSpec = 0;
			files = (
				41CF2AAA14DAD2C4003F0AD8 /* filter2Raster.1 in CopyFiles */,
			);
			runOnlyForDeploymentPostprocessing = 1;
		};
/* End PBXCopyFilesBuildPhase section */

/* Begin PBXFileReference section */
		4161D2391574E9D90061A7E7 /* qcraster */ = {isa = PBXFileReference; explicitFileType = "compiled.mach-o.executable"; includeInIndex = 0; path = qcraster; sourceTree = BUILT_PRODUCTS_DIR; };
		4161D23C1574E9D90061A7E7 /* main.cpp */ = {isa = PBXFileReference; lastKnownFileType = sourcecode.cpp.cpp; path = main.cpp; sourceTree = "<group>"; };
		4161D23E1574E9D90061A7E7 /* qcraster.1 */ = {isa = PBXFileReference; lastKnownFileType = text.man; path = qcraster.1; sourceTree = "<group>"; };
		41B3A93414F7D558007C6E32 /* Arg.h */ = {isa = PBXFileReference; fileEncoding = 4; lastKnownFileType = sourcecode.c.h; path = Arg.h; sourceTree = "<group>"; };
		41B3A93514F7D558007C6E32 /* ArgException.h */ = {isa = PBXFileReference; fileEncoding = 4; lastKnownFileType = sourcecode.c.h; path = ArgException.h; sourceTree = "<group>"; };
		41B3A93614F7D558007C6E32 /* ArgTraits.h */ = {isa = PBXFileReference; fileEncoding = 4; lastKnownFileType = sourcecode.c.h; path = ArgTraits.h; sourceTree = "<group>"; };
		41B3A93714F7D558007C6E32 /* CmdLine.h */ = {isa = PBXFileReference; fileEncoding = 4; lastKnownFileType = sourcecode.c.h; path = CmdLine.h; sourceTree = "<group>"; };
		41B3A93814F7D558007C6E32 /* CmdLineInterface.h */ = {isa = PBXFileReference; fileEncoding = 4; lastKnownFileType = sourcecode.c.h; path = CmdLineInterface.h; sourceTree = "<group>"; };
		41B3A93914F7D558007C6E32 /* CmdLineOutput.h */ = {isa = PBXFileReference; fileEncoding = 4; lastKnownFileType = sourcecode.c.h; path = CmdLineOutput.h; sourceTree = "<group>"; };
		41B3A93A14F7D558007C6E32 /* Constraint.h */ = {isa = PBXFileReference; fileEncoding = 4; lastKnownFileType = sourcecode.c.h; path = Constraint.h; sourceTree = "<group>"; };
		41B3A93B14F7D558007C6E32 /* DocBookOutput.h */ = {isa = PBXFileReference; fileEncoding = 4; lastKnownFileType = sourcecode.c.h; path = DocBookOutput.h; sourceTree = "<group>"; };
		41B3A93C14F7D558007C6E32 /* HelpVisitor.h */ = {isa = PBXFileReference; fileEncoding = 4; lastKnownFileType = sourcecode.c.h; path = HelpVisitor.h; sourceTree = "<group>"; };
		41B3A93D14F7D558007C6E32 /* IgnoreRestVisitor.h */ = {isa = PBXFileReference; fileEncoding = 4; lastKnownFileType = sourcecode.c.h; path = IgnoreRestVisitor.h; sourceTree = "<group>"; };
		41B3A93E14F7D558007C6E32 /* Makefile.am */ = {isa = PBXFileReference; fileEncoding = 4; lastKnownFileType = text; path = Makefile.am; sourceTree = "<group>"; };
		41B3A93F14F7D558007C6E32 /* Makefile.in */ = {isa = PBXFileReference; fileEncoding = 4; lastKnownFileType = text; path = Makefile.in; sourceTree = "<group>"; };
		41B3A94014F7D558007C6E32 /* MultiArg.h */ = {isa = PBXFileReference; fileEncoding = 4; lastKnownFileType = sourcecode.c.h; path = MultiArg.h; sourceTree = "<group>"; };
		41B3A94114F7D558007C6E32 /* MultiSwitchArg.h */ = {isa = PBXFileReference; fileEncoding = 4; lastKnownFileType = sourcecode.c.h; path = MultiSwitchArg.h; sourceTree = "<group>"; };
		41B3A94214F7D558007C6E32 /* OptionalUnlabeledTracker.h */ = {isa = PBXFileReference; fileEncoding = 4; lastKnownFileType = sourcecode.c.h; path = OptionalUnlabeledTracker.h; sourceTree = "<group>"; };
		41B3A94314F7D558007C6E32 /* StandardTraits.h */ = {isa = PBXFileReference; fileEncoding = 4; lastKnownFileType = sourcecode.c.h; path = StandardTraits.h; sourceTree = "<group>"; };
		41B3A94414F7D558007C6E32 /* StdOutput.h */ = {isa = PBXFileReference; fileEncoding = 4; lastKnownFileType = sourcecode.c.h; path = StdOutput.h; sourceTree = "<group>"; };
		41B3A94514F7D558007C6E32 /* SwitchArg.h */ = {isa = PBXFileReference; fileEncoding = 4; lastKnownFileType = sourcecode.c.h; path = SwitchArg.h; sourceTree = "<group>"; };
		41B3A94614F7D558007C6E32 /* UnlabeledMultiArg.h */ = {isa = PBXFileReference; fileEncoding = 4; lastKnownFileType = sourcecode.c.h; path = UnlabeledMultiArg.h; sourceTree = "<group>"; };
		41B3A94714F7D558007C6E32 /* UnlabeledValueArg.h */ = {isa = PBXFileReference; fileEncoding = 4; lastKnownFileType = sourcecode.c.h; path = UnlabeledValueArg.h; sourceTree = "<group>"; };
		41B3A94814F7D558007C6E32 /* ValueArg.h */ = {isa = PBXFileReference; fileEncoding = 4; lastKnownFileType = sourcecode.c.h; path = ValueArg.h; sourceTree = "<group>"; };
		41B3A94914F7D558007C6E32 /* ValuesConstraint.h */ = {isa = PBXFileReference; fileEncoding = 4; lastKnownFileType = sourcecode.c.h; path = ValuesConstraint.h; sourceTree = "<group>"; };
		41B3A94A14F7D558007C6E32 /* VersionVisitor.h */ = {isa = PBXFileReference; fileEncoding = 4; lastKnownFileType = sourcecode.c.h; path = VersionVisitor.h; sourceTree = "<group>"; };
		41B3A94B14F7D558007C6E32 /* Visitor.h */ = {isa = PBXFileReference; fileEncoding = 4; lastKnownFileType = sourcecode.c.h; path = Visitor.h; sourceTree = "<group>"; };
		41B3A94C14F7D558007C6E32 /* XorHandler.h */ = {isa = PBXFileReference; fileEncoding = 4; lastKnownFileType = sourcecode.c.h; path = XorHandler.h; sourceTree = "<group>"; };
		41B3A94D14F7D558007C6E32 /* ZshCompletionOutput.h */ = {isa = PBXFileReference; fileEncoding = 4; lastKnownFileType = sourcecode.c.h; path = ZshCompletionOutput.h; sourceTree = "<group>"; };
		41CF2AA314DAD2C4003F0AD8 /* filter2Raster */ = {isa = PBXFileReference; explicitFileType = "compiled.mach-o.executable"; includeInIndex = 0; path = filter2Raster; sourceTree = BUILT_PRODUCTS_DIR; };
		41CF2AA714DAD2C4003F0AD8 /* main.cpp */ = {isa = PBXFileReference; lastKnownFileType = sourcecode.cpp.cpp; path = main.cpp; sourceTree = "<group>"; };
		41CF2AA914DAD2C4003F0AD8 /* filter2Raster.1 */ = {isa = PBXFileReference; lastKnownFileType = text.man; path = filter2Raster.1; sourceTree = "<group>"; };
		41CF2AB714DAE911003F0AD8 /* Raster.h */ = {isa = PBXFileReference; fileEncoding = 4; lastKnownFileType = sourcecode.c.h; path = Raster.h; sourceTree = "<group>"; };
		41CF2AB814DAE91A003F0AD8 /* Raster.cpp */ = {isa = PBXFileReference; fileEncoding = 4; lastKnownFileType = sourcecode.cpp.cpp; path = Raster.cpp; sourceTree = "<group>"; };
/* End PBXFileReference section */

/* Begin PBXFrameworksBuildPhase section */
		4161D2361574E9D90061A7E7 /* Frameworks */ = {
			isa = PBXFrameworksBuildPhase;
			buildActionMask = 2147483647;
			files = (
			);
			runOnlyForDeploymentPostprocessing = 0;
		};
		41CF2AA014DAD2C4003F0AD8 /* Frameworks */ = {
			isa = PBXFrameworksBuildPhase;
			buildActionMask = 2147483647;
			files = (
			);
			runOnlyForDeploymentPostprocessing = 0;
		};
/* End PBXFrameworksBuildPhase section */

/* Begin PBXGroup section */
		4161D23B1574E9D90061A7E7 /* qcraster */ = {
			isa = PBXGroup;
			children = (
				4161D23C1574E9D90061A7E7 /* main.cpp */,
				4161D23E1574E9D90061A7E7 /* qcraster.1 */,
			);
			path = qcraster;
			sourceTree = "<group>";
		};
		41B3A93314F7D558007C6E32 /* tclap */ = {
			isa = PBXGroup;
			children = (
				41B3A93414F7D558007C6E32 /* Arg.h */,
				41B3A93514F7D558007C6E32 /* ArgException.h */,
				41B3A93614F7D558007C6E32 /* ArgTraits.h */,
				41B3A93714F7D558007C6E32 /* CmdLine.h */,
				41B3A93814F7D558007C6E32 /* CmdLineInterface.h */,
				41B3A93914F7D558007C6E32 /* CmdLineOutput.h */,
				41B3A93A14F7D558007C6E32 /* Constraint.h */,
				41B3A93B14F7D558007C6E32 /* DocBookOutput.h */,
				41B3A93C14F7D558007C6E32 /* HelpVisitor.h */,
				41B3A93D14F7D558007C6E32 /* IgnoreRestVisitor.h */,
				41B3A93E14F7D558007C6E32 /* Makefile.am */,
				41B3A93F14F7D558007C6E32 /* Makefile.in */,
				41B3A94014F7D558007C6E32 /* MultiArg.h */,
				41B3A94114F7D558007C6E32 /* MultiSwitchArg.h */,
				41B3A94214F7D558007C6E32 /* OptionalUnlabeledTracker.h */,
				41B3A94314F7D558007C6E32 /* StandardTraits.h */,
				41B3A94414F7D558007C6E32 /* StdOutput.h */,
				41B3A94514F7D558007C6E32 /* SwitchArg.h */,
				41B3A94614F7D558007C6E32 /* UnlabeledMultiArg.h */,
				41B3A94714F7D558007C6E32 /* UnlabeledValueArg.h */,
				41B3A94814F7D558007C6E32 /* ValueArg.h */,
				41B3A94914F7D558007C6E32 /* ValuesConstraint.h */,
				41B3A94A14F7D558007C6E32 /* VersionVisitor.h */,
				41B3A94B14F7D558007C6E32 /* Visitor.h */,
				41B3A94C14F7D558007C6E32 /* XorHandler.h */,
				41B3A94D14F7D558007C6E32 /* ZshCompletionOutput.h */,
			);
			path = tclap;
			sourceTree = "<group>";
		};
		41CF2A9814DAD2C3003F0AD8 = {
			isa = PBXGroup;
			children = (
				41B3A93314F7D558007C6E32 /* tclap */,
				41CF2AA614DAD2C4003F0AD8 /* filter2Raster */,
				4161D23B1574E9D90061A7E7 /* qcraster */,
				41CF2AA414DAD2C4003F0AD8 /* Products */,
			);
			sourceTree = "<group>";
		};
		41CF2AA414DAD2C4003F0AD8 /* Products */ = {
			isa = PBXGroup;
			children = (
				41CF2AA314DAD2C4003F0AD8 /* filter2Raster */,
				4161D2391574E9D90061A7E7 /* qcraster */,
			);
			name = Products;
			sourceTree = "<group>";
		};
		41CF2AA614DAD2C4003F0AD8 /* filter2Raster */ = {
			isa = PBXGroup;
			children = (
				41CF2AA714DAD2C4003F0AD8 /* main.cpp */,
				41CF2AA914DAD2C4003F0AD8 /* filter2Raster.1 */,
				41CF2AB714DAE911003F0AD8 /* Raster.h */,
				41CF2AB814DAE91A003F0AD8 /* Raster.cpp */,
			);
			path = filter2Raster;
			sourceTree = "<group>";
		};
/* End PBXGroup section */

/* Begin PBXNativeTarget section */
		4161D2381574E9D90061A7E7 /* qcraster */ = {
			isa = PBXNativeTarget;
			buildConfigurationList = 4161D2421574E9D90061A7E7 /* Build configuration list for PBXNativeTarget "qcraster" */;
			buildPhases = (
				4161D2351574E9D90061A7E7 /* Sources */,
				4161D2361574E9D90061A7E7 /* Frameworks */,
				4161D2371574E9D90061A7E7 /* CopyFiles */,
			);
			buildRules = (
			);
			dependencies = (
			);
			name = qcraster;
			productName = qcraster;
			productReference = 4161D2391574E9D90061A7E7 /* qcraster */;
			productType = "com.apple.product-type.tool";
		};
		41CF2AA214DAD2C4003F0AD8 /* filter2Raster */ = {
			isa = PBXNativeTarget;
			buildConfigurationList = 41CF2AAD14DAD2C4003F0AD8 /* Build configuration list for PBXNativeTarget "filter2Raster" */;
			buildPhases = (
				41CF2A9F14DAD2C4003F0AD8 /* Sources */,
				41CF2AA014DAD2C4003F0AD8 /* Frameworks */,
				41CF2AA114DAD2C4003F0AD8 /* CopyFiles */,
				4154DF2E150559DB00D5CE2D /* CopyFiles */,
			);
			buildRules = (
			);
			dependencies = (
			);
			name = filter2Raster;
			productName = filter2Raster;
			productReference = 41CF2AA314DAD2C4003F0AD8 /* filter2Raster */;
			productType = "com.apple.product-type.tool";
		};
/* End PBXNativeTarget section */

/* Begin PBXProject section */
		41CF2A9A14DAD2C3003F0AD8 /* Project object */ = {
			isa = PBXProject;
			buildConfigurationList = 41CF2A9D14DAD2C3003F0AD8 /* Build configuration list for PBXProject "filter2Raster" */;
			compatibilityVersion = "Xcode 3.2";
			developmentRegion = English;
			hasScannedForEncodings = 0;
			knownRegions = (
				en,
			);
			mainGroup = 41CF2A9814DAD2C3003F0AD8;
			productRefGroup = 41CF2AA414DAD2C4003F0AD8 /* Products */;
			projectDirPath = "";
			projectRoot = "";
			targets = (
				41CF2AA214DAD2C4003F0AD8 /* filter2Raster */,
				4161D2381574E9D90061A7E7 /* qcraster */,
			);
		};
/* End PBXProject section */

/* Begin PBXSourcesBuildPhase section */
		4161D2351574E9D90061A7E7 /* Sources */ = {
			isa = PBXSourcesBuildPhase;
			buildActionMask = 2147483647;
			files = (
				4161D23D1574E9D90061A7E7 /* main.cpp in Sources */,
			);
			runOnlyForDeploymentPostprocessing = 0;
		};
		41CF2A9F14DAD2C4003F0AD8 /* Sources */ = {
			isa = PBXSourcesBuildPhase;
			buildActionMask = 2147483647;
			files = (
				41CF2AA814DAD2C4003F0AD8 /* main.cpp in Sources */,
				41CF2AB914DAE91A003F0AD8 /* Raster.cpp in Sources */,
			);
			runOnlyForDeploymentPostprocessing = 0;
		};
/* End PBXSourcesBuildPhase section */

/* Begin XCBuildConfiguration section */
		4161D2401574E9D90061A7E7 /* Debug */ = {
			isa = XCBuildConfiguration;
			buildSettings = {
				CLANG_ENABLE_OBJC_ARC = YES;
				GCC_WARN_UNINITIALIZED_AUTOS = YES;
				OTHER_LDFLAGS = (
					"-framework",
					GDAL,
				);
				PRODUCT_NAME = "$(TARGET_NAME)";
			};
			name = Debug;
		};
		4161D2411574E9D90061A7E7 /* Release */ = {
			isa = XCBuildConfiguration;
			buildSettings = {
				CLANG_ENABLE_OBJC_ARC = YES;
				GCC_WARN_UNINITIALIZED_AUTOS = YES;
				OTHER_LDFLAGS = (
					"-framework",
					GDAL,
				);
				PRODUCT_NAME = "$(TARGET_NAME)";
			};
			name = Release;
		};
		41CF2AAB14DAD2C4003F0AD8 /* Debug */ = {
			isa = XCBuildConfiguration;
			buildSettings = {
				ALWAYS_SEARCH_USER_PATHS = NO;
				ARCHS = "$(ARCHS_STANDARD_64_BIT)";
				COPY_PHASE_STRIP = NO;
				GCC_C_LANGUAGE_STANDARD = gnu99;
				GCC_DYNAMIC_NO_PIC = NO;
				GCC_ENABLE_OBJC_EXCEPTIONS = YES;
				GCC_OPTIMIZATION_LEVEL = 0;
				GCC_PREPROCESSOR_DEFINITIONS = (
					"DEBUG=1",
					"$(inherited)",
				);
				GCC_SYMBOLS_PRIVATE_EXTERN = NO;
				GCC_VERSION = com.apple.compilers.llvm.clang.1_0;
				GCC_WARN_64_TO_32_BIT_CONVERSION = YES;
				GCC_WARN_ABOUT_MISSING_PROTOTYPES = YES;
				GCC_WARN_ABOUT_RETURN_TYPE = YES;
				GCC_WARN_UNUSED_VARIABLE = YES;
				MACOSX_DEPLOYMENT_TARGET = 10.7;
				ONLY_ACTIVE_ARCH = YES;
				SDKROOT = macosx;
			};
			name = Debug;
		};
		41CF2AAC14DAD2C4003F0AD8 /* Release */ = {
			isa = XCBuildConfiguration;
			buildSettings = {
				ALWAYS_SEARCH_USER_PATHS = NO;
				ARCHS = "$(ARCHS_STANDARD_64_BIT)";
				COPY_PHASE_STRIP = YES;
				DEBUG_INFORMATION_FORMAT = "dwarf-with-dsym";
				GCC_C_LANGUAGE_STANDARD = gnu99;
				GCC_ENABLE_OBJC_EXCEPTIONS = YES;
				GCC_VERSION = com.apple.compilers.llvm.clang.1_0;
				GCC_WARN_64_TO_32_BIT_CONVERSION = YES;
				GCC_WARN_ABOUT_MISSING_PROTOTYPES = YES;
				GCC_WARN_ABOUT_RETURN_TYPE = YES;
				GCC_WARN_UNUSED_VARIABLE = YES;
				MACOSX_DEPLOYMENT_TARGET = 10.7;
				SDKROOT = macosx;
			};
			name = Release;
		};
		41CF2AAE14DAD2C4003F0AD8 /* Debug */ = {
			isa = XCBuildConfiguration;
			buildSettings = {
				FRAMEWORK_SEARCH_PATHS = /Library/Frameworks/;
				HEADER_SEARCH_PATHS = /usr/local/include/;
				OTHER_LDFLAGS = (
					"-framework",
					GDAL,
				);
				PRODUCT_NAME = "$(TARGET_NAME)";
			};
			name = Debug;
		};
		41CF2AAF14DAD2C4003F0AD8 /* Release */ = {
			isa = XCBuildConfiguration;
			buildSettings = {
				FRAMEWORK_SEARCH_PATHS = /Library/Frameworks/;
				HEADER_SEARCH_PATHS = /usr/local/include/;
				OTHER_LDFLAGS = (
					"-framework",
					GDAL,
				);
				PRODUCT_NAME = "$(TARGET_NAME)";
			};
			name = Release;
		};
/* End XCBuildConfiguration section */

/* Begin XCConfigurationList section */
		4161D2421574E9D90061A7E7 /* Build configuration list for PBXNativeTarget "qcraster" */ = {
			isa = XCConfigurationList;
			buildConfigurations = (
				4161D2401574E9D90061A7E7 /* Debug */,
				4161D2411574E9D90061A7E7 /* Release */,
			);
			defaultConfigurationIsVisible = 0;
		};
		41CF2A9D14DAD2C3003F0AD8 /* Build configuration list for PBXProject "filter2Raster" */ = {
			isa = XCConfigurationList;
			buildConfigurations = (
				41CF2AAB14DAD2C4003F0AD8 /* Debug */,
				41CF2AAC14DAD2C4003F0AD8 /* Release */,
			);
			defaultConfigurationIsVisible = 0;
			defaultConfigurationName = Release;
		};
		41CF2AAD14DAD2C4003F0AD8 /* Build configuration list for PBXNativeTarget "filter2Raster" */ = {
			isa = XCConfigurationList;
			buildConfigurations = (
				41CF2AAE14DAD2C4003F0AD8 /* Debug */,
				41CF2AAF14DAD2C4003F0AD8 /* Release */,
			);
			defaultConfigurationIsVisible = 0;
			defaultConfigurationName = Release;
		};
/* End XCConfigurationList section */
	};
	rootObject = 41CF2A9A14DAD2C3003F0AD8 /* Project object */;
}
