// !$*UTF8*$!
{
	archiveVersion = 1;
	classes = {
	};
	objectVersion = 46;
	objects = {

/* Begin PBXBuildFile section */
		4125DB4E15613E7F0036C99A /* GEOS.framework in Frameworks */ = {isa = PBXBuildFile; fileRef = 4125DB4D15613E7F0036C99A /* GEOS.framework */; };
		4125DB5015613E8B0036C99A /* GEOS.framework in Frameworks */ = {isa = PBXBuildFile; fileRef = 4125DB4D15613E7F0036C99A /* GEOS.framework */; };
		4125DB5115613E990036C99A /* GEOS.framework in Frameworks */ = {isa = PBXBuildFile; fileRef = 4125DB4D15613E7F0036C99A /* GEOS.framework */; };
		4155EE8C1535CD3B000B7E3A /* GDAL.framework in Frameworks */ = {isa = PBXBuildFile; fileRef = 4155EE8B1535CD3B000B7E3A /* GDAL.framework */; };
		4172DD05155804AC00985398 /* main.cpp in Sources */ = {isa = PBXBuildFile; fileRef = 4172DD04155804AC00985398 /* main.cpp */; };
		4172DD07155804AD00985398 /* filtersimplify.1 in CopyFiles */ = {isa = PBXBuildFile; fileRef = 4172DD06155804AD00985398 /* filtersimplify.1 */; };
		4172DD1715580AF600985398 /* CgalProcessor.cpp in Sources */ = {isa = PBXBuildFile; fileRef = 4172DD1615580AF600985398 /* CgalProcessor.cpp */; };
		4172DD1815580B3E00985398 /* GDAL.framework in Frameworks */ = {isa = PBXBuildFile; fileRef = 4155EE8B1535CD3B000B7E3A /* GDAL.framework */; };
		4172DD1A15580B7200985398 /* filtersimplify in CopyFiles */ = {isa = PBXBuildFile; fileRef = 4172DD01155804AC00985398 /* filtersimplify */; };
		4172DD231558142200985398 /* main.cpp in Sources */ = {isa = PBXBuildFile; fileRef = 4172DD221558142200985398 /* main.cpp */; };
		4172DD251558142200985398 /* smoothdens.1 in CopyFiles */ = {isa = PBXBuildFile; fileRef = 4172DD241558142200985398 /* smoothdens.1 */; };
		4172DD2A1558143D00985398 /* CgalProcessor.cpp in Sources */ = {isa = PBXBuildFile; fileRef = 4172DD291558143D00985398 /* CgalProcessor.cpp */; };
		4172DD2B1558175C00985398 /* GDAL.framework in Frameworks */ = {isa = PBXBuildFile; fileRef = 4155EE8B1535CD3B000B7E3A /* GDAL.framework */; };
		4172DD2D1558177200985398 /* smoothdens in CopyFiles */ = {isa = PBXBuildFile; fileRef = 4172DD1F1558142200985398 /* smoothdens */; };
		4185EFF414D0238E00B7F758 /* main.cpp in Sources */ = {isa = PBXBuildFile; fileRef = 4185EFF314D0238E00B7F758 /* main.cpp */; };
		4185EFF614D0238E00B7F758 /* Thesis.1 in CopyFiles */ = {isa = PBXBuildFile; fileRef = 4185EFF514D0238E00B7F758 /* Thesis.1 */; };
		41CD3054152B226D00A44BD0 /* main.cpp in Sources */ = {isa = PBXBuildFile; fileRef = 41CD3053152B226D00A44BD0 /* main.cpp */; };
		41CD3056152B226E00A44BD0 /* alphashape.1 in CopyFiles */ = {isa = PBXBuildFile; fileRef = 41CD3055152B226E00A44BD0 /* alphashape.1 */; };
		41DEDA41151CC9E3008CC647 /* CgalProcessor.cpp in Sources */ = {isa = PBXBuildFile; fileRef = 41DEDA40151CC9E3008CC647 /* CgalProcessor.cpp */; };
/* End PBXBuildFile section */

/* Begin PBXCopyFilesBuildPhase section */
		4172DCFF155804AC00985398 /* CopyFiles */ = {
			isa = PBXCopyFilesBuildPhase;
			buildActionMask = 2147483647;
			dstPath = /usr/share/man/man1/;
			dstSubfolderSpec = 0;
			files = (
				4172DD07155804AD00985398 /* filtersimplify.1 in CopyFiles */,
			);
			runOnlyForDeploymentPostprocessing = 1;
		};
		4172DD1915580B5B00985398 /* CopyFiles */ = {
			isa = PBXCopyFilesBuildPhase;
			buildActionMask = 2147483647;
			dstPath = /usr/local/bin;
			dstSubfolderSpec = 0;
			files = (
				4172DD1A15580B7200985398 /* filtersimplify in CopyFiles */,
			);
			runOnlyForDeploymentPostprocessing = 0;
		};
		4172DD1D1558142200985398 /* CopyFiles */ = {
			isa = PBXCopyFilesBuildPhase;
			buildActionMask = 2147483647;
			dstPath = /usr/share/man/man1/;
			dstSubfolderSpec = 0;
			files = (
				4172DD251558142200985398 /* smoothdens.1 in CopyFiles */,
			);
			runOnlyForDeploymentPostprocessing = 1;
		};
		4172DD2C1558176000985398 /* CopyFiles */ = {
			isa = PBXCopyFilesBuildPhase;
			buildActionMask = 2147483647;
			dstPath = /usr/local/bin;
			dstSubfolderSpec = 0;
			files = (
				4172DD2D1558177200985398 /* smoothdens in CopyFiles */,
			);
			runOnlyForDeploymentPostprocessing = 0;
		};
		4185EFED14D0238E00B7F758 /* CopyFiles */ = {
			isa = PBXCopyFilesBuildPhase;
			buildActionMask = 2147483647;
			dstPath = /usr/share/man/man1/;
			dstSubfolderSpec = 0;
			files = (
				4185EFF614D0238E00B7F758 /* Thesis.1 in CopyFiles */,
			);
			runOnlyForDeploymentPostprocessing = 1;
		};
		41CD304E152B226D00A44BD0 /* CopyFiles */ = {
			isa = PBXCopyFilesBuildPhase;
			buildActionMask = 2147483647;
			dstPath = /usr/share/man/man1/;
			dstSubfolderSpec = 0;
			files = (
				41CD3056152B226E00A44BD0 /* alphashape.1 in CopyFiles */,
			);
			runOnlyForDeploymentPostprocessing = 1;
		};
/* End PBXCopyFilesBuildPhase section */

/* Begin PBXFileReference section */
		4125DB4D15613E7F0036C99A /* GEOS.framework */ = {isa = PBXFileReference; lastKnownFileType = wrapper.framework; name = GEOS.framework; path = Library/Frameworks/GEOS.framework; sourceTree = SDKROOT; };
		4155EE8B1535CD3B000B7E3A /* GDAL.framework */ = {isa = PBXFileReference; lastKnownFileType = wrapper.framework; name = GDAL.framework; path = Library/Frameworks/GDAL.framework; sourceTree = SDKROOT; };
		4172DD01155804AC00985398 /* filtersimplify */ = {isa = PBXFileReference; explicitFileType = "compiled.mach-o.executable"; includeInIndex = 0; path = filtersimplify; sourceTree = BUILT_PRODUCTS_DIR; };
		4172DD04155804AC00985398 /* main.cpp */ = {isa = PBXFileReference; lastKnownFileType = sourcecode.cpp.cpp; path = main.cpp; sourceTree = "<group>"; };
		4172DD06155804AD00985398 /* filtersimplify.1 */ = {isa = PBXFileReference; lastKnownFileType = text.man; path = filtersimplify.1; sourceTree = "<group>"; };
		4172DD1615580AF600985398 /* CgalProcessor.cpp */ = {isa = PBXFileReference; fileEncoding = 4; lastKnownFileType = sourcecode.cpp.cpp; name = CgalProcessor.cpp; path = ../../ContourVis/PhdVis/CgalProcessor.cpp; sourceTree = "<group>"; };
		4172DD1F1558142200985398 /* smoothdens */ = {isa = PBXFileReference; explicitFileType = "compiled.mach-o.executable"; includeInIndex = 0; path = smoothdens; sourceTree = BUILT_PRODUCTS_DIR; };
		4172DD221558142200985398 /* main.cpp */ = {isa = PBXFileReference; lastKnownFileType = sourcecode.cpp.cpp; path = main.cpp; sourceTree = "<group>"; };
		4172DD241558142200985398 /* smoothdens.1 */ = {isa = PBXFileReference; lastKnownFileType = text.man; path = smoothdens.1; sourceTree = "<group>"; };
		4172DD291558143D00985398 /* CgalProcessor.cpp */ = {isa = PBXFileReference; fileEncoding = 4; lastKnownFileType = sourcecode.cpp.cpp; name = CgalProcessor.cpp; path = ../../ContourVis/PhdVis/CgalProcessor.cpp; sourceTree = "<group>"; };
		4185EFEF14D0238E00B7F758 /* Thesis */ = {isa = PBXFileReference; explicitFileType = "compiled.mach-o.executable"; includeInIndex = 0; path = Thesis; sourceTree = BUILT_PRODUCTS_DIR; };
		4185EFF314D0238E00B7F758 /* main.cpp */ = {isa = PBXFileReference; lastKnownFileType = sourcecode.cpp.cpp; path = main.cpp; sourceTree = "<group>"; };
		4185EFF514D0238E00B7F758 /* Thesis.1 */ = {isa = PBXFileReference; lastKnownFileType = text.man; path = Thesis.1; sourceTree = "<group>"; };
		41CD3050152B226D00A44BD0 /* alphashape */ = {isa = PBXFileReference; explicitFileType = "compiled.mach-o.executable"; includeInIndex = 0; path = alphashape; sourceTree = BUILT_PRODUCTS_DIR; };
		41CD3053152B226D00A44BD0 /* main.cpp */ = {isa = PBXFileReference; lastKnownFileType = sourcecode.cpp.cpp; path = main.cpp; sourceTree = "<group>"; };
		41CD3055152B226E00A44BD0 /* alphashape.1 */ = {isa = PBXFileReference; lastKnownFileType = text.man; path = alphashape.1; sourceTree = "<group>"; };
		41DEDA40151CC9E3008CC647 /* CgalProcessor.cpp */ = {isa = PBXFileReference; fileEncoding = 4; lastKnownFileType = sourcecode.cpp.cpp; name = CgalProcessor.cpp; path = ../ContourVis/PhdVis/CgalProcessor.cpp; sourceTree = "<group>"; };
		41DEDA42151CC9F2008CC647 /* CgalProcessor.h */ = {isa = PBXFileReference; lastKnownFileType = sourcecode.c.h; name = CgalProcessor.h; path = ../ContourVis/PhdVis/CgalProcessor.h; sourceTree = "<group>"; };
		41DEDA43151CC9F2008CC647 /* CgalType.h */ = {isa = PBXFileReference; lastKnownFileType = sourcecode.c.h; name = CgalType.h; path = ../ContourVis/PhdVis/CgalType.h; sourceTree = "<group>"; };
/* End PBXFileReference section */

/* Begin PBXFrameworksBuildPhase section */
		4172DCFE155804AC00985398 /* Frameworks */ = {
			isa = PBXFrameworksBuildPhase;
			buildActionMask = 2147483647;
			files = (
				4125DB4E15613E7F0036C99A /* GEOS.framework in Frameworks */,
				4172DD1815580B3E00985398 /* GDAL.framework in Frameworks */,
			);
			runOnlyForDeploymentPostprocessing = 0;
		};
		4172DD1C1558142200985398 /* Frameworks */ = {
			isa = PBXFrameworksBuildPhase;
			buildActionMask = 2147483647;
			files = (
				4125DB5115613E990036C99A /* GEOS.framework in Frameworks */,
				4172DD2B1558175C00985398 /* GDAL.framework in Frameworks */,
			);
			runOnlyForDeploymentPostprocessing = 0;
		};
		4185EFEC14D0238E00B7F758 /* Frameworks */ = {
			isa = PBXFrameworksBuildPhase;
			buildActionMask = 2147483647;
			files = (
				4125DB5015613E8B0036C99A /* GEOS.framework in Frameworks */,
				4155EE8C1535CD3B000B7E3A /* GDAL.framework in Frameworks */,
			);
			runOnlyForDeploymentPostprocessing = 0;
		};
		41CD304D152B226D00A44BD0 /* Frameworks */ = {
			isa = PBXFrameworksBuildPhase;
			buildActionMask = 2147483647;
			files = (
			);
			runOnlyForDeploymentPostprocessing = 0;
		};
/* End PBXFrameworksBuildPhase section */

/* Begin PBXGroup section */
		4172DD03155804AC00985398 /* filtersimplify */ = {
			isa = PBXGroup;
			children = (
				4172DD1615580AF600985398 /* CgalProcessor.cpp */,
				4172DD04155804AC00985398 /* main.cpp */,
				4172DD06155804AD00985398 /* filtersimplify.1 */,
			);
			path = filtersimplify;
			sourceTree = "<group>";
		};
		4172DD0C1558058100985398 /* CgalProcessor */ = {
			isa = PBXGroup;
			children = (
				41DEDA40151CC9E3008CC647 /* CgalProcessor.cpp */,
				41DEDA43151CC9F2008CC647 /* CgalType.h */,
				41DEDA42151CC9F2008CC647 /* CgalProcessor.h */,
			);
			name = CgalProcessor;
			sourceTree = "<group>";
		};
		4172DD211558142200985398 /* smoothdens */ = {
			isa = PBXGroup;
			children = (
				4172DD291558143D00985398 /* CgalProcessor.cpp */,
				4172DD221558142200985398 /* main.cpp */,
				4172DD241558142200985398 /* smoothdens.1 */,
			);
			path = smoothdens;
			sourceTree = "<group>";
		};
		4185EFE414D0238E00B7F758 = {
			isa = PBXGroup;
			children = (
				4125DB4D15613E7F0036C99A /* GEOS.framework */,
				4155EE8B1535CD3B000B7E3A /* GDAL.framework */,
				4172DD0C1558058100985398 /* CgalProcessor */,
				4185EFF214D0238E00B7F758 /* Thesis */,
				41CD3052152B226D00A44BD0 /* alphashape */,
				4172DD03155804AC00985398 /* filtersimplify */,
				4172DD211558142200985398 /* smoothdens */,
				4185EFF014D0238E00B7F758 /* Products */,
			);
			sourceTree = "<group>";
		};
		4185EFF014D0238E00B7F758 /* Products */ = {
			isa = PBXGroup;
			children = (
				4185EFEF14D0238E00B7F758 /* Thesis */,
				41CD3050152B226D00A44BD0 /* alphashape */,
				4172DD01155804AC00985398 /* filtersimplify */,
				4172DD1F1558142200985398 /* smoothdens */,
			);
			name = Products;
			sourceTree = "<group>";
		};
		4185EFF214D0238E00B7F758 /* Thesis */ = {
			isa = PBXGroup;
			children = (
				4185EFF314D0238E00B7F758 /* main.cpp */,
				4185EFF514D0238E00B7F758 /* Thesis.1 */,
			);
			path = Thesis;
			sourceTree = "<group>";
		};
		41CD3052152B226D00A44BD0 /* alphashape */ = {
			isa = PBXGroup;
			children = (
				41CD3053152B226D00A44BD0 /* main.cpp */,
				41CD3055152B226E00A44BD0 /* alphashape.1 */,
			);
			path = alphashape;
			sourceTree = "<group>";
		};
/* End PBXGroup section */

/* Begin PBXNativeTarget section */
		4172DD00155804AC00985398 /* filtersimplify */ = {
			isa = PBXNativeTarget;
			buildConfigurationList = 4172DD0A155804AD00985398 /* Build configuration list for PBXNativeTarget "filtersimplify" */;
			buildPhases = (
				4172DCFD155804AC00985398 /* Sources */,
				4172DCFE155804AC00985398 /* Frameworks */,
				4172DCFF155804AC00985398 /* CopyFiles */,
				4172DD1915580B5B00985398 /* CopyFiles */,
			);
			buildRules = (
			);
			dependencies = (
			);
			name = filtersimplify;
			productName = filtersimplify;
			productReference = 4172DD01155804AC00985398 /* filtersimplify */;
			productType = "com.apple.product-type.tool";
		};
		4172DD1E1558142200985398 /* smoothdens */ = {
			isa = PBXNativeTarget;
			buildConfigurationList = 4172DD261558142200985398 /* Build configuration list for PBXNativeTarget "smoothdens" */;
			buildPhases = (
				4172DD1B1558142200985398 /* Sources */,
				4172DD1C1558142200985398 /* Frameworks */,
				4172DD1D1558142200985398 /* CopyFiles */,
				4172DD2C1558176000985398 /* CopyFiles */,
			);
			buildRules = (
			);
			dependencies = (
			);
			name = smoothdens;
			productName = smoothdens;
			productReference = 4172DD1F1558142200985398 /* smoothdens */;
			productType = "com.apple.product-type.tool";
		};
		4185EFEE14D0238E00B7F758 /* Thesis */ = {
			isa = PBXNativeTarget;
			buildConfigurationList = 4185EFF914D0238E00B7F758 /* Build configuration list for PBXNativeTarget "Thesis" */;
			buildPhases = (
				4185EFEB14D0238E00B7F758 /* Sources */,
				4185EFEC14D0238E00B7F758 /* Frameworks */,
				4185EFED14D0238E00B7F758 /* CopyFiles */,
			);
			buildRules = (
			);
			dependencies = (
			);
			name = Thesis;
			productName = Thesis;
			productReference = 4185EFEF14D0238E00B7F758 /* Thesis */;
			productType = "com.apple.product-type.tool";
		};
		41CD304F152B226D00A44BD0 /* alphashape */ = {
			isa = PBXNativeTarget;
			buildConfigurationList = 41CD3057152B226E00A44BD0 /* Build configuration list for PBXNativeTarget "alphashape" */;
			buildPhases = (
				41CD304C152B226D00A44BD0 /* Sources */,
				41CD304D152B226D00A44BD0 /* Frameworks */,
				41CD304E152B226D00A44BD0 /* CopyFiles */,
			);
			buildRules = (
			);
			dependencies = (
			);
			name = alphashape;
			productName = alphashape;
			productReference = 41CD3050152B226D00A44BD0 /* alphashape */;
			productType = "com.apple.product-type.tool";
		};
/* End PBXNativeTarget section */

/* Begin PBXProject section */
		4185EFE614D0238E00B7F758 /* Project object */ = {
			isa = PBXProject;
			buildConfigurationList = 4185EFE914D0238E00B7F758 /* Build configuration list for PBXProject "CgalUtilities" */;
			compatibilityVersion = "Xcode 3.2";
			developmentRegion = English;
			hasScannedForEncodings = 0;
			knownRegions = (
				en,
			);
			mainGroup = 4185EFE414D0238E00B7F758;
			productRefGroup = 4185EFF014D0238E00B7F758 /* Products */;
			projectDirPath = "";
			projectRoot = "";
			targets = (
				4185EFEE14D0238E00B7F758 /* Thesis */,
				41CD304F152B226D00A44BD0 /* alphashape */,
				4172DD00155804AC00985398 /* filtersimplify */,
				4172DD1E1558142200985398 /* smoothdens */,
			);
		};
/* End PBXProject section */

/* Begin PBXSourcesBuildPhase section */
		4172DCFD155804AC00985398 /* Sources */ = {
			isa = PBXSourcesBuildPhase;
			buildActionMask = 2147483647;
			files = (
				4172DD05155804AC00985398 /* main.cpp in Sources */,
				4172DD1715580AF600985398 /* CgalProcessor.cpp in Sources */,
			);
			runOnlyForDeploymentPostprocessing = 0;
		};
		4172DD1B1558142200985398 /* Sources */ = {
			isa = PBXSourcesBuildPhase;
			buildActionMask = 2147483647;
			files = (
				4172DD231558142200985398 /* main.cpp in Sources */,
				4172DD2A1558143D00985398 /* CgalProcessor.cpp in Sources */,
			);
			runOnlyForDeploymentPostprocessing = 0;
		};
		4185EFEB14D0238E00B7F758 /* Sources */ = {
			isa = PBXSourcesBuildPhase;
			buildActionMask = 2147483647;
			files = (
				4185EFF414D0238E00B7F758 /* main.cpp in Sources */,
				41DEDA41151CC9E3008CC647 /* CgalProcessor.cpp in Sources */,
			);
			runOnlyForDeploymentPostprocessing = 0;
		};
		41CD304C152B226D00A44BD0 /* Sources */ = {
			isa = PBXSourcesBuildPhase;
			buildActionMask = 2147483647;
			files = (
				41CD3054152B226D00A44BD0 /* main.cpp in Sources */,
			);
			runOnlyForDeploymentPostprocessing = 0;
		};
/* End PBXSourcesBuildPhase section */

/* Begin XCBuildConfiguration section */
		4172DD08155804AD00985398 /* Debug */ = {
			isa = XCBuildConfiguration;
			buildSettings = {
				CLANG_ENABLE_OBJC_ARC = YES;
				GCC_WARN_UNINITIALIZED_AUTOS = YES;
				PRODUCT_NAME = "$(TARGET_NAME)";
			};
			name = Debug;
		};
		4172DD09155804AD00985398 /* Release */ = {
			isa = XCBuildConfiguration;
			buildSettings = {
				CLANG_ENABLE_OBJC_ARC = YES;
				GCC_WARN_UNINITIALIZED_AUTOS = YES;
				PRODUCT_NAME = "$(TARGET_NAME)";
			};
			name = Release;
		};
		4172DD271558142200985398 /* Debug */ = {
			isa = XCBuildConfiguration;
			buildSettings = {
				CLANG_ENABLE_OBJC_ARC = YES;
				GCC_VERSION = com.apple.compilers.llvm.clang.1_0;
				GCC_WARN_UNINITIALIZED_AUTOS = YES;
				PRODUCT_NAME = "$(TARGET_NAME)";
			};
			name = Debug;
		};
		4172DD281558142200985398 /* Release */ = {
			isa = XCBuildConfiguration;
			buildSettings = {
				CLANG_ENABLE_OBJC_ARC = YES;
				GCC_VERSION = com.apple.compilers.llvm.clang.1_0;
				GCC_WARN_UNINITIALIZED_AUTOS = YES;
				PRODUCT_NAME = "$(TARGET_NAME)";
			};
			name = Release;
		};
		4185EFF714D0238E00B7F758 /* Debug */ = {
			isa = XCBuildConfiguration;
			buildSettings = {
				ALWAYS_SEARCH_USER_PATHS = NO;
				ARCHS = "$(ARCHS_STANDARD_64_BIT)";
				COPY_PHASE_STRIP = NO;
				GCC_C_LANGUAGE_STANDARD = gnu99;
				GCC_DYNAMIC_NO_PIC = NO;
				GCC_ENABLE_OBJC_EXCEPTIONS = YES;
				GCC_OPTIMIZATION_LEVEL = 0;
				GCC_PREPROCESSOR_DEFINITIONS = (
					"DEBUG=1",
					"$(inherited)",
				);
				GCC_SYMBOLS_PRIVATE_EXTERN = NO;
				GCC_VERSION = com.apple.compilers.llvm.clang.1_0;
				GCC_WARN_64_TO_32_BIT_CONVERSION = YES;
				GCC_WARN_ABOUT_MISSING_PROTOTYPES = YES;
				GCC_WARN_ABOUT_RETURN_TYPE = YES;
				GCC_WARN_UNUSED_VARIABLE = YES;
				HEADER_SEARCH_PATHS = /usr/local/include/;
				LIBRARY_SEARCH_PATHS = /usr/local/lib/;
				MACOSX_DEPLOYMENT_TARGET = 10.7;
				ONLY_ACTIVE_ARCH = YES;
				OTHER_CPLUSPLUSFLAGS = (
					"-frounding-math",
					"-fno-strict-aliasing",
				);
				OTHER_LDFLAGS = (
					"-Wl,-dylib_file,/System/Library/Frameworks/OpenGL.framework/Versions/A/Libraries/libGL.dylib:/System/Library/Frameworks/OpenGL.framework/Versions/A/Libraries/libGL.dylib",
					"-Wl,-search_paths_first",
					"-headerpad_max_install_names",
					/usr/local/lib/libCGAL_Core.dylib,
					/usr/local/lib/libCGAL.dylib,
					/usr/local/lib/libmpfr.dylib,
					/usr/local/lib/libgmp.dylib,
					"/usr/local/lib/libboost_thread-mt.dylib",
					/usr/local/lib/libCGAL_Core.dylib,
					/usr/local/lib/libCGAL.dylib,
					/usr/local/lib/libmpfr.dylib,
					/usr/local/lib/libgmp.dylib,
					"/usr/local/lib/libboost_thread-mt.dylib",
				);
				SDKROOT = macosx;
				SECTORDER_FLAGS = (
					"-Wl,-dylib_file,/System/Library/Frameworks/OpenGL.framework/Versions/A/Libraries/libGL.dylib:/System/Library/Frameworks/OpenGL.framework/Versions/A/Libraries/libGL.dylib",
					"-Wl,-search_paths_first",
					"-headerpad_max_install_names",
					/usr/local/lib/libCGAL_Core.dylib,
					/usr/local/lib/libCGAL.dylib,
					/usr/local/lib/libmpfr.dylib,
					/usr/local/lib/libgmp.dylib,
					"/usr/local/lib/libboost_thread-mt.dylib",
				);
				VALID_ARCHS = x86_64;
			};
			name = Debug;
		};
		4185EFF814D0238E00B7F758 /* Release */ = {
			isa = XCBuildConfiguration;
			buildSettings = {
				ALWAYS_SEARCH_USER_PATHS = NO;
				ARCHS = "$(ARCHS_STANDARD_64_BIT)";
				COPY_PHASE_STRIP = YES;
				DEBUG_INFORMATION_FORMAT = "dwarf-with-dsym";
				GCC_C_LANGUAGE_STANDARD = gnu99;
				GCC_ENABLE_OBJC_EXCEPTIONS = YES;
				GCC_OPTIMIZATION_LEVEL = 3;
				GCC_VERSION = com.apple.compilers.llvm.clang.1_0;
				GCC_WARN_64_TO_32_BIT_CONVERSION = YES;
				GCC_WARN_ABOUT_MISSING_PROTOTYPES = YES;
				GCC_WARN_ABOUT_RETURN_TYPE = YES;
				GCC_WARN_UNUSED_VARIABLE = YES;
				HEADER_SEARCH_PATHS = /usr/local/include/;
				LIBRARY_SEARCH_PATHS = /usr/local/lib/;
				MACOSX_DEPLOYMENT_TARGET = 10.7;
				OTHER_CPLUSPLUSFLAGS = (
					"-frounding-math",
					"-fno-strict-aliasing",
				);
				OTHER_LDFLAGS = (
					"-Wl,-dylib_file,/System/Library/Frameworks/OpenGL.framework/Versions/A/Libraries/libGL.dylib:/System/Library/Frameworks/OpenGL.framework/Versions/A/Libraries/libGL.dylib",
					"-Wl,-search_paths_first",
					"-headerpad_max_install_names",
					/usr/local/lib/libCGAL_Core.dylib,
					/usr/local/lib/libCGAL.dylib,
					/usr/local/lib/libmpfr.dylib,
					/usr/local/lib/libgmp.dylib,
					"/usr/local/lib/libboost_thread-mt.dylib",
					/usr/local/lib/libCGAL_Core.dylib,
					/usr/local/lib/libCGAL.dylib,
					/usr/local/lib/libmpfr.dylib,
					/usr/local/lib/libgmp.dylib,
					"/usr/local/lib/libboost_thread-mt.dylib",
				);
				SDKROOT = macosx;
				SECTORDER_FLAGS = (
					"-Wl,-dylib_file,/System/Library/Frameworks/OpenGL.framework/Versions/A/Libraries/libGL.dylib:/System/Library/Frameworks/OpenGL.framework/Versions/A/Libraries/libGL.dylib",
					"-Wl,-search_paths_first",
					"-headerpad_max_install_names",
					/usr/local/lib/libCGAL_Core.dylib,
					/usr/local/lib/libCGAL.dylib,
					/usr/local/lib/libmpfr.dylib,
					/usr/local/lib/libgmp.dylib,
					"/usr/local/lib/libboost_thread-mt.dylib",
				);
				VALID_ARCHS = x86_64;
			};
			name = Release;
		};
		4185EFFA14D0238E00B7F758 /* Debug */ = {
			isa = XCBuildConfiguration;
			buildSettings = {
				GCC_VERSION = com.apple.compilers.llvmgcc42;
				OTHER_LDFLAGS = (
					"-Wl,-dylib_file,/System/Library/Frameworks/OpenGL.framework/Versions/A/Libraries/libGL.dylib:/System/Library/Frameworks/OpenGL.framework/Versions/A/Libraries/libGL.dylib",
					"-Wl,-search_paths_first",
					"-headerpad_max_install_names",
					/usr/local/lib/libCGAL_Core.dylib,
					/usr/local/lib/libCGAL.dylib,
					/usr/local/lib/libmpfr.dylib,
					/usr/local/lib/libgmp.dylib,
					"/usr/local/lib/libboost_thread-mt.dylib",
					/usr/local/lib/libCGAL_Core.dylib,
					/usr/local/lib/libCGAL.dylib,
					/usr/local/lib/libmpfr.dylib,
					/usr/local/lib/libgmp.dylib,
					"/usr/local/lib/libboost_thread-mt.dylib",
				);
				PRODUCT_NAME = "$(TARGET_NAME)";
			};
			name = Debug;
		};
		4185EFFB14D0238E00B7F758 /* Release */ = {
			isa = XCBuildConfiguration;
			buildSettings = {
				GCC_VERSION = com.apple.compilers.llvmgcc42;
				OTHER_LDFLAGS = (
					"-Wl,-dylib_file,/System/Library/Frameworks/OpenGL.framework/Versions/A/Libraries/libGL.dylib:/System/Library/Frameworks/OpenGL.framework/Versions/A/Libraries/libGL.dylib",
					"-Wl,-search_paths_first",
					"-headerpad_max_install_names",
					/usr/local/lib/libCGAL_Core.dylib,
					/usr/local/lib/libCGAL.dylib,
					/usr/local/lib/libmpfr.dylib,
					/usr/local/lib/libgmp.dylib,
					"/usr/local/lib/libboost_thread-mt.dylib",
					/usr/local/lib/libCGAL_Core.dylib,
					/usr/local/lib/libCGAL.dylib,
					/usr/local/lib/libmpfr.dylib,
					/usr/local/lib/libgmp.dylib,
					"/usr/local/lib/libboost_thread-mt.dylib",
				);
				PRODUCT_NAME = "$(TARGET_NAME)";
			};
			name = Release;
		};
		41CD3058152B226E00A44BD0 /* Debug */ = {
			isa = XCBuildConfiguration;
			buildSettings = {
				CLANG_ENABLE_OBJC_ARC = YES;
				GCC_WARN_UNINITIALIZED_AUTOS = YES;
				PRODUCT_NAME = "$(TARGET_NAME)";
			};
			name = Debug;
		};
		41CD3059152B226E00A44BD0 /* Release */ = {
			isa = XCBuildConfiguration;
			buildSettings = {
				CLANG_ENABLE_OBJC_ARC = YES;
				GCC_WARN_UNINITIALIZED_AUTOS = YES;
				PRODUCT_NAME = "$(TARGET_NAME)";
			};
			name = Release;
		};
/* End XCBuildConfiguration section */

/* Begin XCConfigurationList section */
		4172DD0A155804AD00985398 /* Build configuration list for PBXNativeTarget "filtersimplify" */ = {
			isa = XCConfigurationList;
			buildConfigurations = (
				4172DD08155804AD00985398 /* Debug */,
				4172DD09155804AD00985398 /* Release */,
			);
			defaultConfigurationIsVisible = 0;
			defaultConfigurationName = Release;
		};
		4172DD261558142200985398 /* Build configuration list for PBXNativeTarget "smoothdens" */ = {
			isa = XCConfigurationList;
			buildConfigurations = (
				4172DD271558142200985398 /* Debug */,
				4172DD281558142200985398 /* Release */,
			);
			defaultConfigurationIsVisible = 0;
			defaultConfigurationName = Release;
		};
		4185EFE914D0238E00B7F758 /* Build configuration list for PBXProject "CgalUtilities" */ = {
			isa = XCConfigurationList;
			buildConfigurations = (
				4185EFF714D0238E00B7F758 /* Debug */,
				4185EFF814D0238E00B7F758 /* Release */,
			);
			defaultConfigurationIsVisible = 0;
			defaultConfigurationName = Release;
		};
		4185EFF914D0238E00B7F758 /* Build configuration list for PBXNativeTarget "Thesis" */ = {
			isa = XCConfigurationList;
			buildConfigurations = (
				4185EFFA14D0238E00B7F758 /* Debug */,
				4185EFFB14D0238E00B7F758 /* Release */,
			);
			defaultConfigurationIsVisible = 0;
			defaultConfigurationName = Release;
		};
		41CD3057152B226E00A44BD0 /* Build configuration list for PBXNativeTarget "alphashape" */ = {
			isa = XCConfigurationList;
			buildConfigurations = (
				41CD3058152B226E00A44BD0 /* Debug */,
				41CD3059152B226E00A44BD0 /* Release */,
			);
			defaultConfigurationIsVisible = 0;
			defaultConfigurationName = Release;
		};
/* End XCConfigurationList section */
	};
	rootObject = 4185EFE614D0238E00B7F758 /* Project object */;
}
